
Microsoft Visual Studio Solution File, Format Version 12.00
# Visual Studio 15
VisualStudioVersion = 15.0.28307.779
MinimumVisualStudioVersion = 10.0.40219.1
Project("{FAE04EC0-301F-11D3-BF4B-00C04F79EFBC}") = "Class Deposito", "Class Deposito\Class Deposito.csproj", "{DB65021E-A660-490D-A575-8C8A7CA546F4}"
EndProject
Global
	GlobalSection(SolutionConfigurationPlatforms) = preSolution
		Debug|Any CPU = Debug|Any CPU
		Release|Any CPU = Release|Any CPU
	EndGlobalSection
	GlobalSection(ProjectConfigurationPlatforms) = postSolution
		{DB65021E-A660-490D-A575-8C8A7CA546F4}.Debug|Any CPU.ActiveCfg = Debug|Any CPU
		{DB65021E-A660-490D-A575-8C8A7CA546F4}.Debug|Any CPU.Build.0 = Debug|Any CPU
		{DB65021E-A660-490D-A575-8C8A7CA546F4}.Release|Any CPU.ActiveCfg = Release|Any CPU
		{DB65021E-A660-490D-A575-8C8A7CA546F4}.Release|Any CPU.Build.0 = Release|Any CPU
	EndGlobalSection
	GlobalSection(SolutionProperties) = preSolution
		HideSolutionNode = FALSE
	EndGlobalSection
	GlobalSection(ExtensibilityGlobals) = postSolution
		SolutionGuid = {AF9A600A-2B52-471C-80B0-D5A10980FDD0}
	EndGlobalSection
EndGlobal
